
Microsoft Visual Studio Solution File, Format Version 12.00
# Visual Studio Version 16
VisualStudioVersion = 16.6.30114.105
MinimumVisualStudioVersion = 10.0.40219.1
Project("{9A19103F-16F7-4668-BE54-9A1E7A4F7556}") = "R5T.T0061.X0002", "R5T.T0061.X0002\R5T.T0061.X0002.csproj", "{20B0D2AD-DF45-4217-9F5D-45EE302A6688}"
EndProject
Project("{2150E333-8FDC-42A3-9474-1A3956D46DE8}") = "_Dependencies", "_Dependencies", "{DB42B11A-A214-4F72-A8B0-0C9F3AE9AC4D}"
EndProject
Project("{9A19103F-16F7-4668-BE54-9A1E7A4F7556}") = "R5T.T0061", "..\..\R5T.T0061\source\R5T.T0061\R5T.T0061.csproj", "{A4E43963-9CCD-457C-BEFD-944FFB366E6A}"
EndProject
Project("{9A19103F-16F7-4668-BE54-9A1E7A4F7556}") = "R5T.L0013", "..\..\R5T.L0013\source\R5T.L0013\R5T.L0013.csproj", "{A220F211-DF2F-4213-B144-01D2E7CD4C49}"
EndProject
Project("{9A19103F-16F7-4668-BE54-9A1E7A4F7556}") = "R5T.Magyar", "..\..\R5T.Magyar\source\R5T.Magyar\R5T.Magyar.csproj", "{2151DD39-AB89-4B6B-820B-8300C6E57BB9}"
EndProject
Global
	GlobalSection(SolutionConfigurationPlatforms) = preSolution
		Debug|Any CPU = Debug|Any CPU
		Debug|x64 = Debug|x64
		Debug|x86 = Debug|x86
		Release|Any CPU = Release|Any CPU
		Release|x64 = Release|x64
		Release|x86 = Release|x86
	EndGlobalSection
	GlobalSection(ProjectConfigurationPlatforms) = postSolution
		{20B0D2AD-DF45-4217-9F5D-45EE302A6688}.Debug|Any CPU.ActiveCfg = Debug|Any CPU
		{20B0D2AD-DF45-4217-9F5D-45EE302A6688}.Debug|Any CPU.Build.0 = Debug|Any CPU
		{20B0D2AD-DF45-4217-9F5D-45EE302A6688}.Debug|x64.ActiveCfg = Debug|Any CPU
		{20B0D2AD-DF45-4217-9F5D-45EE302A6688}.Debug|x64.Build.0 = Debug|Any CPU
		{20B0D2AD-DF45-4217-9F5D-45EE302A6688}.Debug|x86.ActiveCfg = Debug|Any CPU
		{20B0D2AD-DF45-4217-9F5D-45EE302A6688}.Debug|x86.Build.0 = Debug|Any CPU
		{20B0D2AD-DF45-4217-9F5D-45EE302A6688}.Release|Any CPU.ActiveCfg = Release|Any CPU
		{20B0D2AD-DF45-4217-9F5D-45EE302A6688}.Release|Any CPU.Build.0 = Release|Any CPU
		{20B0D2AD-DF45-4217-9F5D-45EE302A6688}.Release|x64.ActiveCfg = Release|Any CPU
		{20B0D2AD-DF45-4217-9F5D-45EE302A6688}.Release|x64.Build.0 = Release|Any CPU
		{20B0D2AD-DF45-4217-9F5D-45EE302A6688}.Release|x86.ActiveCfg = Release|Any CPU
		{20B0D2AD-DF45-4217-9F5D-45EE302A6688}.Release|x86.Build.0 = Release|Any CPU
		{A4E43963-9CCD-457C-BEFD-944FFB366E6A}.Debug|Any CPU.ActiveCfg = Debug|Any CPU
		{A4E43963-9CCD-457C-BEFD-944FFB366E6A}.Debug|Any CPU.Build.0 = Debug|Any CPU
		{A4E43963-9CCD-457C-BEFD-944FFB366E6A}.Debug|x64.ActiveCfg = Debug|Any CPU
		{A4E43963-9CCD-457C-BEFD-944FFB366E6A}.Debug|x64.Build.0 = Debug|Any CPU
		{A4E43963-9CCD-457C-BEFD-944FFB366E6A}.Debug|x86.ActiveCfg = Debug|Any CPU
		{A4E43963-9CCD-457C-BEFD-944FFB366E6A}.Debug|x86.Build.0 = Debug|Any CPU
		{A4E43963-9CCD-457C-BEFD-944FFB366E6A}.Release|Any CPU.ActiveCfg = Release|Any CPU
		{A4E43963-9CCD-457C-BEFD-944FFB366E6A}.Release|Any CPU.Build.0 = Release|Any CPU
		{A4E43963-9CCD-457C-BEFD-944FFB366E6A}.Release|x64.ActiveCfg = Release|Any CPU
		{A4E43963-9CCD-457C-BEFD-944FFB366E6A}.Release|x64.Build.0 = Release|Any CPU
		{A4E43963-9CCD-457C-BEFD-944FFB366E6A}.Release|x86.ActiveCfg = Release|Any CPU
		{A4E43963-9CCD-457C-BEFD-944FFB366E6A}.Release|x86.Build.0 = Release|Any CPU
		{A220F211-DF2F-4213-B144-01D2E7CD4C49}.Debug|Any CPU.ActiveCfg = Debug|Any CPU
		{A220F211-DF2F-4213-B144-01D2E7CD4C49}.Debug|Any CPU.Build.0 = Debug|Any CPU
		{A220F211-DF2F-4213-B144-01D2E7CD4C49}.Debug|x64.ActiveCfg = Debug|Any CPU
		{A220F211-DF2F-4213-B144-01D2E7CD4C49}.Debug|x64.Build.0 = Debug|Any CPU
		{A220F211-DF2F-4213-B144-01D2E7CD4C49}.Debug|x86.ActiveCfg = Debug|Any CPU
		{A220F211-DF2F-4213-B144-01D2E7CD4C49}.Debug|x86.Build.0 = Debug|Any CPU
		{A220F211-DF2F-4213-B144-01D2E7CD4C49}.Release|Any CPU.ActiveCfg = Release|Any CPU
		{A220F211-DF2F-4213-B144-01D2E7CD4C49}.Release|Any CPU.Build.0 = Release|Any CPU
		{A220F211-DF2F-4213-B144-01D2E7CD4C49}.Release|x64.ActiveCfg = Release|Any CPU
		{A220F211-DF2F-4213-B144-01D2E7CD4C49}.Release|x64.Build.0 = Release|Any CPU
		{A220F211-DF2F-4213-B144-01D2E7CD4C49}.Release|x86.ActiveCfg = Release|Any CPU
		{A220F211-DF2F-4213-B144-01D2E7CD4C49}.Release|x86.Build.0 = Release|Any CPU
		{2151DD39-AB89-4B6B-820B-8300C6E57BB9}.Debug|Any CPU.ActiveCfg = Debug|Any CPU
		{2151DD39-AB89-4B6B-820B-8300C6E57BB9}.Debug|Any CPU.Build.0 = Debug|Any CPU
		{2151DD39-AB89-4B6B-820B-8300C6E57BB9}.Debug|x64.ActiveCfg = Debug|Any CPU
		{2151DD39-AB89-4B6B-820B-8300C6E57BB9}.Debug|x64.Build.0 = Debug|Any CPU
		{2151DD39-AB89-4B6B-820B-8300C6E57BB9}.Debug|x86.ActiveCfg = Debug|Any CPU
		{2151DD39-AB89-4B6B-820B-8300C6E57BB9}.Debug|x86.Build.0 = Debug|Any CPU
		{2151DD39-AB89-4B6B-820B-8300C6E57BB9}.Release|Any CPU.ActiveCfg = Release|Any CPU
		{2151DD39-AB89-4B6B-820B-8300C6E57BB9}.Release|Any CPU.Build.0 = Release|Any CPU
		{2151DD39-AB89-4B6B-820B-8300C6E57BB9}.Release|x64.ActiveCfg = Release|Any CPU
		{2151DD39-AB89-4B6B-820B-8300C6E57BB9}.Release|x64.Build.0 = Release|Any CPU
		{2151DD39-AB89-4B6B-820B-8300C6E57BB9}.Release|x86.ActiveCfg = Release|Any CPU
		{2151DD39-AB89-4B6B-820B-8300C6E57BB9}.Release|x86.Build.0 = Release|Any CPU
	EndGlobalSection
	GlobalSection(SolutionProperties) = preSolution
		HideSolutionNode = FALSE
	EndGlobalSection
	GlobalSection(NestedProjects) = preSolution
		{A4E43963-9CCD-457C-BEFD-944FFB366E6A} = {DB42B11A-A214-4F72-A8B0-0C9F3AE9AC4D}
		{A220F211-DF2F-4213-B144-01D2E7CD4C49} = {DB42B11A-A214-4F72-A8B0-0C9F3AE9AC4D}
		{2151DD39-AB89-4B6B-820B-8300C6E57BB9} = {DB42B11A-A214-4F72-A8B0-0C9F3AE9AC4D}
	EndGlobalSection
	GlobalSection(ExtensibilityGlobals) = postSolution
		SolutionGuid = {F0072C0D-A69D-4AA4-947F-E6DB1492BBC4}
	EndGlobalSection
EndGlobal
